# This file is generated by running "yarn install" inside your project.
# Manual changes might be lost - proceed with caution!

__metadata:
  version: 8
  cacheKey: 10c0

"argparse@npm:^1.0.7":
  version: 1.0.10
  resolution: "argparse@npm:1.0.10"
  dependencies:
    sprintf-js: "npm:~1.0.2"
  checksum: 10c0/b2972c5c23c63df66bca144dbc65d180efa74f25f8fd9b7d9a0a6c88ae839db32df3d54770dcb6460cf840d232b60695d1a6b1053f599d84e73f7437087712de
  languageName: node
  linkType: hard

"argparse@npm:^2.0.1":
  version: 2.0.1
  resolution: "argparse@npm:2.0.1"
  checksum: 10c0/c5640c2d89045371c7cedd6a70212a04e360fd34d6edeae32f6952c63949e3525ea77dbec0289d8213a99bbaeab5abfa860b5c12cf88a2e6cf8106e90dd27a7e
  languageName: node
  linkType: hard

"balanced-match@npm:^1.0.0":
  version: 1.0.2
  resolution: "balanced-match@npm:1.0.2"
  checksum: 10c0/9308baf0a7e4838a82bbfd11e01b1cb0f0cf2893bc1676c27c2a8c0e70cbae1c59120c3268517a8ae7fb6376b4639ef81ca22582611dbee4ed28df945134aaee
  languageName: node
  linkType: hard

"brace-expansion@npm:^1.1.7":
  version: 1.1.11
  resolution: "brace-expansion@npm:1.1.11"
  dependencies:
    balanced-match: "npm:^1.0.0"
    concat-map: "npm:0.0.1"
  checksum: 10c0/695a56cd058096a7cb71fb09d9d6a7070113c7be516699ed361317aca2ec169f618e28b8af352e02ab4233fb54eb0168460a40dc320bab0034b36ab59aaad668
  languageName: node
  linkType: hard

"commander@npm:~6.2.1":
  version: 6.2.1
  resolution: "commander@npm:6.2.1"
  checksum: 10c0/85748abd9d18c8bc88febed58b98f66b7c591d9b5017cad459565761d7b29ca13b7783ea2ee5ce84bf235897333706c4ce29adf1ce15c8252780e7000e2ce9ea
  languageName: node
  linkType: hard

"concat-map@npm:0.0.1":
  version: 0.0.1
  resolution: "concat-map@npm:0.0.1"
  checksum: 10c0/c996b1cfdf95b6c90fee4dae37e332c8b6eb7d106430c17d538034c0ad9a1630cb194d2ab37293b1bdd4d779494beee7786d586a50bd9376fd6f7bcc2bd4c98f
  languageName: node
  linkType: hard

"deep-extend@npm:^0.6.0, deep-extend@npm:~0.6.0":
  version: 0.6.0
  resolution: "deep-extend@npm:0.6.0"
  checksum: 10c0/1c6b0abcdb901e13a44c7d699116d3d4279fdb261983122a3783e7273844d5f2537dc2e1c454a23fcf645917f93fbf8d07101c1d03c015a87faa662755212566
  languageName: node
  linkType: hard

"docs@workspace:.":
  version: 0.0.0-use.local
  resolution: "docs@workspace:."
  dependencies:
    markdownlint-cli: "npm:^0.26.0"
    shx: "npm:^0.3.2"
  languageName: unknown
  linkType: soft

"entities@npm:~2.0.0":
  version: 2.0.3
  resolution: "entities@npm:2.0.3"
  checksum: 10c0/81463fde5f1e4432df6faa65afa00021f3979ac8387f81d3d111beeb08179e626130a4b7488e8c3cc3d74e0d04e99d3033ff7db80e05f4a1e961b5e1efe17731
  languageName: node
  linkType: hard

"es6-object-assign@npm:^1.0.3":
  version: 1.1.0
  resolution: "es6-object-assign@npm:1.1.0"
  checksum: 10c0/11c165ae16866aca897dee9b689402f0e871589e859809343ef9e0fdd067133684db16fd15abdba2a99e7319222b9f43e6b747baabb909cee9d0ecbac8deebee
  languageName: node
  linkType: hard

"esprima@npm:^4.0.0":
  version: 4.0.1
  resolution: "esprima@npm:4.0.1"
  bin:
    esparse: ./bin/esparse.js
    esvalidate: ./bin/esvalidate.js
  checksum: 10c0/ad4bab9ead0808cf56501750fd9d3fb276f6b105f987707d059005d57e182d18a7c9ec7f3a01794ebddcca676773e42ca48a32d67a250c9d35e009ca613caba3
  languageName: node
  linkType: hard

"fs.realpath@npm:^1.0.0":
  version: 1.0.0
  resolution: "fs.realpath@npm:1.0.0"
  checksum: 10c0/444cf1291d997165dfd4c0d58b69f0e4782bfd9149fd72faa4fe299e68e0e93d6db941660b37dd29153bf7186672ececa3b50b7e7249477b03fdf850f287c948
  languageName: node
  linkType: hard

"function-bind@npm:^1.1.1":
  version: 1.1.1
  resolution: "function-bind@npm:1.1.1"
  checksum: 10c0/60b74b2407e1942e1ed7f8c284f8ef714d0689dcfce5319985a5b7da3fc727f40b4a59ec72dc55aa83365ad7b8fa4fac3a30d93c850a2b452f29ae03dbc10a1e
  languageName: node
  linkType: hard

"get-stdin@npm:~8.0.0":
  version: 8.0.0
  resolution: "get-stdin@npm:8.0.0"
  checksum: 10c0/b71b72b83928221052f713b3b6247ebf1ceaeb4ef76937778557537fd51ad3f586c9e6a7476865022d9394b39b74eed1dc7514052fa74d80625276253571b76f
  languageName: node
  linkType: hard

"glob@npm:^7.0.0":
  version: 7.2.0
  resolution: "glob@npm:7.2.0"
  dependencies:
    fs.realpath: "npm:^1.0.0"
    inflight: "npm:^1.0.4"
    inherits: "npm:2"
    minimatch: "npm:^3.0.4"
    once: "npm:^1.3.0"
    path-is-absolute: "npm:^1.0.0"
  checksum: 10c0/478b40e38be5a3d514e64950e1e07e0ac120585add6a37c98d0ed24d72d9127d734d2a125786073c8deb687096e84ae82b641c441a869ada3a9cc91b68978632
  languageName: node
  linkType: hard

"glob@npm:~7.1.6":
  version: 7.1.7
  resolution: "glob@npm:7.1.7"
  dependencies:
    fs.realpath: "npm:^1.0.0"
    inflight: "npm:^1.0.4"
    inherits: "npm:2"
    minimatch: "npm:^3.0.4"
    once: "npm:^1.3.0"
    path-is-absolute: "npm:^1.0.0"
  checksum: 10c0/173245e6f9ccf904309eb7ef4a44a11f3bf68e9e341dff5a28b5db0dd7123b7506daf41497f3437a0710f57198187b758c2351eeaabce4d16935e956920da6a4
  languageName: node
  linkType: hard

"has@npm:^1.0.3":
  version: 1.0.3
  resolution: "has@npm:1.0.3"
  dependencies:
    function-bind: "npm:^1.1.1"
  checksum: 10c0/e1da0d2bd109f116b632f27782cf23182b42f14972ca9540e4c5aa7e52647407a0a4a76937334fddcb56befe94a3494825ec22b19b51f5e5507c3153fd1a5e1b
  languageName: node
  linkType: hard

"ignore@npm:~5.1.8":
  version: 5.1.9
  resolution: "ignore@npm:5.1.9"
  checksum: 10c0/eef6b5ab690eafc56e79c9cf209c3c8ff816e6c3b9859bf598843dcb95df7a15de8bc17c037099bcbd91a65863df61413dac8c672f67eaaaa84a0ecf35899f33
  languageName: node
  linkType: hard

"inflight@npm:^1.0.4":
  version: 1.0.6
  resolution: "inflight@npm:1.0.6"
  dependencies:
    once: "npm:^1.3.0"
    wrappy: "npm:1"
  checksum: 10c0/7faca22584600a9dc5b9fca2cd5feb7135ac8c935449837b315676b4c90aa4f391ec4f42240178244b5a34e8bede1948627fda392ca3191522fc46b34e985ab2
  languageName: node
  linkType: hard

"inherits@npm:2":
  version: 2.0.4
  resolution: "inherits@npm:2.0.4"
  checksum: 10c0/4e531f648b29039fb7426fb94075e6545faa1eb9fe83c29f0b6d9e7263aceb4289d2d4557db0d428188eeb449cc7c5e77b0a0b2c4e248ff2a65933a0dee49ef2
  languageName: node
  linkType: hard

"ini@npm:~1.3.0":
  version: 1.3.7
  resolution: "ini@npm:1.3.7"
  checksum: 10c0/eec367cd86ed23ebd97a94a4fd6a5d82d87509ef3c4367d3fcab96fc1f4cd9f1ab766ffde82a774b9892d24e0b3c6418782c9f77cf9123785d4e2bb9c2d689b6
  languageName: node
  linkType: hard

"interpret@npm:^1.0.0":
  version: 1.4.0
  resolution: "interpret@npm:1.4.0"
  checksum: 10c0/08c5ad30032edeec638485bc3f6db7d0094d9b3e85e0f950866600af3c52e9fd69715416d29564731c479d9f4d43ff3e4d302a178196bdc0e6837ec147640450
  languageName: node
  linkType: hard

"is-core-module@npm:^2.8.0":
  version: 2.8.1
  resolution: "is-core-module@npm:2.8.1"
  dependencies:
    has: "npm:^1.0.3"
  checksum: 10c0/f1139970deb2ec159c54be154d35cd17d71b9b56c60221ff7c8c328ca7efe20b6d676cef43d08c21966e162bfd5068dcd0ce23e64c77b76a19824563ecd82e0e
  languageName: node
  linkType: hard

"js-yaml@npm:~3.14.1":
  version: 3.14.1
  resolution: "js-yaml@npm:3.14.1"
  dependencies:
    argparse: "npm:^1.0.7"
    esprima: "npm:^4.0.0"
  bin:
    js-yaml: bin/js-yaml.js
  checksum: 10c0/6746baaaeac312c4db8e75fa22331d9a04cccb7792d126ed8ce6a0bbcfef0cedaddd0c5098fade53db067c09fe00aa1c957674b4765610a8b06a5a189e46433b
  languageName: node
  linkType: hard

"jsonc-parser@npm:~3.0.0":
  version: 3.0.0
  resolution: "jsonc-parser@npm:3.0.0"
  checksum: 10c0/373632ab71f773ce6081dd70297c40fbb05aacde07ab8a5852c78c0a13d1fadb7ad886202e87bfc0168dd78568cda2d4eb36e785dac330f93e5e772d7a67f33f
  languageName: node
  linkType: hard

"linkify-it@npm:^3.0.1":
  version: 3.0.3
  resolution: "linkify-it@npm:3.0.3"
  dependencies:
    uc.micro: "npm:^1.0.1"
  checksum: 10c0/468cb4954f85cdfc16e169db89a42d65287e3f121a9448b29c3c00d64c6f5a8f4367bea3978ba9109a0e3a10b19d50632b983639f91b9be9f20d1f63a5ff5bc1
  languageName: node
  linkType: hard

"lodash.differencewith@npm:~4.5.0":
  version: 4.5.0
  resolution: "lodash.differencewith@npm:4.5.0"
  checksum: 10c0/685a51f5e78aa4bb8ff1a22f144b9729e9189ee44d498bd94ab6061885a33efb906436f7e828b50ec91f3b86bd9f35e240da526ec062eac8f7edb42b989c15ed
  languageName: node
  linkType: hard

"lodash.flatten@npm:~4.4.0":
  version: 4.4.0
  resolution: "lodash.flatten@npm:4.4.0"
  checksum: 10c0/97e8f0d6b61fe4723c02ad0c6e67e51784c4a2c48f56ef283483e556ad01594cf9cec9c773e177bbbdbdb5d19e99b09d2487cb6b6e5dc405c2693e93b125bd3a
  languageName: node
  linkType: hard

"markdown-it@npm:12.0.2":
  version: 12.0.2
  resolution: "markdown-it@npm:12.0.2"
  dependencies:
    argparse: "npm:^2.0.1"
    entities: "npm:~2.0.0"
    linkify-it: "npm:^3.0.1"
    mdurl: "npm:^1.0.1"
    uc.micro: "npm:^1.0.5"
  bin:
    markdown-it: bin/markdown-it.js
  checksum: 10c0/9b9d80d79c5fcb57bcc4c95995036893ec6fb72c4367c15f90f2a066b87f7be86ce57d5e6f7b386c1737a2d1c3e1d620e4a7f5e149bcc0a3b39beeee78b830ff
  languageName: node
  linkType: hard

"markdownlint-cli@npm:^0.26.0":
  version: 0.26.0
  resolution: "markdownlint-cli@npm:0.26.0"
  dependencies:
    commander: "npm:~6.2.1"
    deep-extend: "npm:~0.6.0"
    get-stdin: "npm:~8.0.0"
    glob: "npm:~7.1.6"
    ignore: "npm:~5.1.8"
    js-yaml: "npm:~3.14.1"
    jsonc-parser: "npm:~3.0.0"
    lodash.differencewith: "npm:~4.5.0"
    lodash.flatten: "npm:~4.4.0"
    markdownlint: "npm:~0.22.0"
    markdownlint-rule-helpers: "npm:~0.13.0"
    minimatch: "npm:~3.0.4"
    minimist: "npm:~1.2.5"
    rc: "npm:~1.2.8"
  bin:
    markdownlint: markdownlint.js
  checksum: 10c0/e1474149c8ec7e594006b5e76e543c987ff3b83a84830fcae9ac210d58d7787b0359f17c4f81a866b250818116d4664ed50c69777276cb1cd907d33023e93826
  languageName: node
  linkType: hard

"markdownlint-rule-helpers@npm:~0.13.0":
  version: 0.13.0
  resolution: "markdownlint-rule-helpers@npm:0.13.0"
  checksum: 10c0/566764401e415c7582eadd415bfd9bb926bb391775f4537b1c64c82ad34924859860e093e4d579201c1ed4f3d0dca5906383eed4337cf1f9890cf4a80b7591a0
  languageName: node
  linkType: hard

"markdownlint@npm:~0.22.0":
  version: 0.22.0
  resolution: "markdownlint@npm:0.22.0"
  dependencies:
    markdown-it: "npm:12.0.2"
  checksum: 10c0/cc29c6bebb92f4068be38f339872c319187c60f8ed75e741f53d625060511db6fdb3b5f0f74f13038c0c01d696370fa468716c7beb22d615df2d97cb511afd11
  languageName: node
  linkType: hard

"mdurl@npm:^1.0.1":
  version: 1.0.1
  resolution: "mdurl@npm:1.0.1"
  checksum: 10c0/ea8534341eb002aaa532a722daef6074cd8ca66202e10a2b4cda46722c1ebdb1da92197ac300bc953d3ef1bf41cd6561ef2cc69d82d5d0237dae00d4a61a4eee
  languageName: node
  linkType: hard

"minimatch@npm:^3.0.4, minimatch@npm:~3.0.4":
  version: 3.0.8
  resolution: "minimatch@npm:3.0.8"
  dependencies:
    brace-expansion: "npm:^1.1.7"
  checksum: 10c0/72b226f452dcfb5075255f53534cb83fc25565b909e79b9be4fad463d735cb1084827f7013ff41d050e77ee6e474408c6073473edd2fb72c2fd630cfb0acc6ad
  languageName: node
  linkType: hard

"minimist@npm:^1.2.0":
  version: 1.2.6
  resolution: "minimist@npm:1.2.6"
  checksum: 10c0/d0b566204044481c4401abbd24cc75814e753b37268e7fe7ccc78612bf3e37bf1e45a6c43fb0b119445ea1c413c000bde013f320b7211974f2f49bcbec1d0dbf
  languageName: node
  linkType: hard

"minimist@npm:~1.2.5":
  version: 1.2.7
  resolution: "minimist@npm:1.2.7"
  checksum: 10c0/8808da67ca50ee19ab2d69051d77ee78572e67297fd8a1635ecc757a15106ccdfb5b8c4d11d84750120142f1684e5329a141295728c755e5d149eedd73cc6572
  languageName: node
  linkType: hard

"once@npm:^1.3.0":
  version: 1.4.0
  resolution: "once@npm:1.4.0"
  dependencies:
    wrappy: "npm:1"
  checksum: 10c0/5d48aca287dfefabd756621c5dfce5c91a549a93e9fdb7b8246bc4c4790aa2ec17b34a260530474635147aeb631a2dcc8b32c613df0675f96041cbb8244517d0
  languageName: node
  linkType: hard

"path-is-absolute@npm:^1.0.0":
  version: 1.0.1
  resolution: "path-is-absolute@npm:1.0.1"
  checksum: 10c0/127da03c82172a2a50099cddbf02510c1791fc2cc5f7713ddb613a56838db1e8168b121a920079d052e0936c23005562059756d653b7c544c53185efe53be078
  languageName: node
  linkType: hard

"path-parse@npm:^1.0.7":
  version: 1.0.7
  resolution: "path-parse@npm:1.0.7"
  checksum: 10c0/11ce261f9d294cc7a58d6a574b7f1b935842355ec66fba3c3fd79e0f036462eaf07d0aa95bb74ff432f9afef97ce1926c720988c6a7451d8a584930ae7de86e1
  languageName: node
  linkType: hard

"rc@npm:~1.2.8":
  version: 1.2.8
  resolution: "rc@npm:1.2.8"
  dependencies:
    deep-extend: "npm:^0.6.0"
    ini: "npm:~1.3.0"
    minimist: "npm:^1.2.0"
    strip-json-comments: "npm:~2.0.1"
  bin:
    rc: ./cli.js
  checksum: 10c0/24a07653150f0d9ac7168e52943cc3cb4b7a22c0e43c7dff3219977c2fdca5a2760a304a029c20811a0e79d351f57d46c9bde216193a0f73978496afc2b85b15
  languageName: node
  linkType: hard

"rechoir@npm:^0.6.2":
  version: 0.6.2
  resolution: "rechoir@npm:0.6.2"
  dependencies:
    resolve: "npm:^1.1.6"
  checksum: 10c0/22c4bb32f4934a9468468b608417194f7e3ceba9a508512125b16082c64f161915a28467562368eeb15dc16058eb5b7c13a20b9eb29ff9927d1ebb3b5aa83e84
  languageName: node
  linkType: hard

"resolve@npm:^1.1.6":
  version: 1.21.0
  resolution: "resolve@npm:1.21.0"
  dependencies:
    is-core-module: "npm:^2.8.0"
    path-parse: "npm:^1.0.7"
    supports-preserve-symlinks-flag: "npm:^1.0.0"
  bin:
    resolve: bin/resolve
  checksum: 10c0/6447a15d9ed10c1c7e3df85307c8ecb534c4c2522ce7b86a21353069c79c70b6d9dacc09a4bed36ce1764e1faa506af368db5b17e93e7b244951aead8e3c719e
  languageName: node
  linkType: hard

"resolve@patch:resolve@npm%3A^1.1.6#optional!builtin<compat/resolve>":
  version: 1.21.0
  resolution: "resolve@patch:resolve@npm%3A1.21.0#optional!builtin<compat/resolve>::version=1.21.0&hash=c3c19d"
  dependencies:
    is-core-module: "npm:^2.8.0"
    path-parse: "npm:^1.0.7"
    supports-preserve-symlinks-flag: "npm:^1.0.0"
  bin:
    resolve: bin/resolve
  checksum: 10c0/e964f3ed5b3004eb92ff281cabe087c2e1d867369b3ef0b66bb6d10f64810b41e6d5780b57d8f11246e5f0d46c07a58742c468fb8c35afdb12242cf661afdef8
  languageName: node
  linkType: hard

"shelljs@npm:^0.8.1":
  version: 0.8.5
  resolution: "shelljs@npm:0.8.5"
  dependencies:
    glob: "npm:^7.0.0"
    interpret: "npm:^1.0.0"
    rechoir: "npm:^0.6.2"
  bin:
    shjs: bin/shjs
  checksum: 10c0/feb25289a12e4bcd04c40ddfab51aff98a3729f5c2602d5b1a1b95f6819ec7804ac8147ebd8d9a85dfab69d501bcf92d7acef03247320f51c1552cec8d8e2382
  languageName: node
  linkType: hard

"shx@npm:^0.3.2":
  version: 0.3.2
  resolution: "shx@npm:0.3.2"
  dependencies:
    es6-object-assign: "npm:^1.0.3"
    minimist: "npm:^1.2.0"
    shelljs: "npm:^0.8.1"
  bin:
    shx: lib/cli.js
  checksum: 10c0/14cf39b033e6fef733ba68ace4c444e576b4ce9a1cd76f50fa29f4486bf314e12cc68becf304bfe5fab48936d234d446c0e4296ea30955f4f3f0e5ca81e7cc94
  languageName: node
  linkType: hard

"sprintf-js@npm:~1.0.2":
  version: 1.0.3
  resolution: "sprintf-js@npm:1.0.3"
  checksum: 10c0/ecadcfe4c771890140da5023d43e190b7566d9cf8b2d238600f31bec0fc653f328da4450eb04bd59a431771a8e9cc0e118f0aa3974b683a4981b4e07abc2a5bb
  languageName: node
  linkType: hard

"strip-json-comments@npm:~2.0.1":
  version: 2.0.1
  resolution: "strip-json-comments@npm:2.0.1"
  checksum: 10c0/b509231cbdee45064ff4f9fd73609e2bcc4e84a4d508e9dd0f31f70356473fde18abfb5838c17d56fb236f5a06b102ef115438de0600b749e818a35fbbc48c43
  languageName: node
  linkType: hard

"supports-preserve-symlinks-flag@npm:^1.0.0":
  version: 1.0.0
  resolution: "supports-preserve-symlinks-flag@npm:1.0.0"
  checksum: 10c0/6c4032340701a9950865f7ae8ef38578d8d7053f5e10518076e6554a9381fa91bd9c6850193695c141f32b21f979c985db07265a758867bac95de05f7d8aeb39
  languageName: node
  linkType: hard

"uc.micro@npm:^1.0.1, uc.micro@npm:^1.0.5":
  version: 1.0.6
  resolution: "uc.micro@npm:1.0.6"
  checksum: 10c0/9bde2afc6f2e24b899db6caea47dae778b88862ca76688d844ef6e6121dec0679c152893a74a6cfbd2e6fde34654e6bd8424fee8e0166cdfa6c9ae5d42b8a17b
  languageName: node
  linkType: hard

"wrappy@npm:1":
  version: 1.0.2
  resolution: "wrappy@npm:1.0.2"
  checksum: 10c0/56fece1a4018c6a6c8e28fbc88c87e0fbf4ea8fd64fc6c63b18f4acc4bd13e0ad2515189786dd2c30d3eec9663d70f4ecf699330002f8ccb547e4a18231fc9f0
  languageName: node
  linkType: hard
